
Microsoft Visual Studio Solution File, Format Version 12.00
# Visual Studio Version 16
VisualStudioVersion = 16.0.31112.23
MinimumVisualStudioVersion = 10.0.40219.1
Project("{9A19103F-16F7-4668-BE54-9A1E7A4F7556}") = "WebAutopark", "WebAutopark\WebAutopark.csproj", "{96114A43-753E-4E7A-B6F1-20F13B939760}"
EndProject
Project("{9A19103F-16F7-4668-BE54-9A1E7A4F7556}") = "WebAutopark.DataAccess", "WebAutopark.DataAccess\WebAutopark.DataAccess.csproj", "{F9BC5BEC-574C-4A40-BDA8-EB5BDC2D8C31}"
EndProject
Global
	GlobalSection(SolutionConfigurationPlatforms) = preSolution
		Debug|Any CPU = Debug|Any CPU
		Release|Any CPU = Release|Any CPU
	EndGlobalSection
	GlobalSection(ProjectConfigurationPlatforms) = postSolution
		{96114A43-753E-4E7A-B6F1-20F13B939760}.Debug|Any CPU.ActiveCfg = Debug|Any CPU
		{96114A43-753E-4E7A-B6F1-20F13B939760}.Debug|Any CPU.Build.0 = Debug|Any CPU
		{96114A43-753E-4E7A-B6F1-20F13B939760}.Release|Any CPU.ActiveCfg = Release|Any CPU
		{96114A43-753E-4E7A-B6F1-20F13B939760}.Release|Any CPU.Build.0 = Release|Any CPU
		{F9BC5BEC-574C-4A40-BDA8-EB5BDC2D8C31}.Debug|Any CPU.ActiveCfg = Debug|Any CPU
		{F9BC5BEC-574C-4A40-BDA8-EB5BDC2D8C31}.Debug|Any CPU.Build.0 = Debug|Any CPU
		{F9BC5BEC-574C-4A40-BDA8-EB5BDC2D8C31}.Release|Any CPU.ActiveCfg = Release|Any CPU
		{F9BC5BEC-574C-4A40-BDA8-EB5BDC2D8C31}.Release|Any CPU.Build.0 = Release|Any CPU
	EndGlobalSection
	GlobalSection(SolutionProperties) = preSolution
		HideSolutionNode = FALSE
	EndGlobalSection
	GlobalSection(ExtensibilityGlobals) = postSolution
		SolutionGuid = {432B189C-68F4-41CC-A512-311CC960DE06}
	EndGlobalSection
EndGlobal
